PODS:
  - boost (1.76.0)
  - CocoaAsyncSocket (7.6.5)
  - DoubleConversion (1.1.6)
  - FBLazyVector (0.67.5)
  - FBReactNativeSpec (0.67.5):
    - RCT-Folly (= 2021.06.28.00-v2)
    - RCTRequired (= 0.67.5)
    - RCTTypeSafety (= 0.67.5)
    - React-Core (= 0.67.5)
    - React-jsi (= 0.67.5)
    - ReactCommon/turbomodule/core (= 0.67.5)
  - Firebase/CoreOnly (8.15.0):
    - FirebaseCore (= 8.15.0)
  - Firebase/Messaging (8.15.0):
    - Firebase/CoreOnly
    - FirebaseMessaging (~> 8.15.0)
  - FirebaseCore (8.15.0):
    - FirebaseCoreDiagnostics (~> 8.0)
    - GoogleUtilities/Environment (~> 7.7)
    - GoogleUtilities/Logger (~> 7.7)
  - FirebaseCoreDiagnostics (8.15.0):
    - GoogleDataTransport (~> 9.1)
    - GoogleUtilities/Environment (~> 7.7)
    - GoogleUtilities/Logger (~> 7.7)
    - nanopb (~> 2.30908.0)
  - FirebaseInstallations (8.15.0):
    - FirebaseCore (~> 8.0)
    - GoogleUtilities/Environment (~> 7.7)
    - GoogleUtilities/UserDefaults (~> 7.7)
    - PromisesObjC (< 3.0, >= 1.2)
  - FirebaseMessaging (8.15.0):
    - FirebaseCore (~> 8.0)
    - FirebaseInstallations (~> 8.0)
    - GoogleDataTransport (~> 9.1)
    - GoogleUtilities/AppDelegateSwizzler (~> 7.7)
    - GoogleUtilities/Environment (~> 7.7)
    - GoogleUtilities/Reachability (~> 7.7)
    - GoogleUtilities/UserDefaults (~> 7.7)
    - nanopb (~> 2.30908.0)
  - Flipper (0.99.0):
    - Flipper-Folly (~> 2.6)
    - Flipper-RSocket (~> 1.4)
  - Flipper-Boost-iOSX (1.76.0.1.11)
  - Flipper-DoubleConversion (3.1.7)
  - Flipper-Fmt (7.1.7)
  - Flipper-Folly (2.6.7):
    - Flipper-Boost-iOSX
    - Flipper-DoubleConversion
    - Flipper-Fmt (= 7.1.7)
    - Flipper-Glog
    - libevent (~> 2.1.12)
    - OpenSSL-Universal (= 1.1.180)
  - Flipper-Glog (0.3.6)
  - Flipper-PeerTalk (0.0.4)
  - Flipper-RSocket (1.4.3):
    - Flipper-Folly (~> 2.6)
  - FlipperKit (0.99.0):
    - FlipperKit/Core (= 0.99.0)
  - FlipperKit/Core (0.99.0):
    - Flipper (~> 0.99.0)
    - FlipperKit/CppBridge
    - FlipperKit/FBCxxFollyDynamicConvert
    - FlipperKit/FBDefines
    - FlipperKit/FKPortForwarding
  - FlipperKit/CppBridge (0.99.0):
    - Flipper (~> 0.99.0)
  - FlipperKit/FBCxxFollyDynamicConvert (0.99.0):
    - Flipper-Folly (~> 2.6)
  - FlipperKit/FBDefines (0.99.0)
  - FlipperKit/FKPortForwarding (0.99.0):
    - CocoaAsyncSocket (~> 7.6)
    - Flipper-PeerTalk (~> 0.0.4)
  - FlipperKit/FlipperKitHighlightOverlay (0.99.0)
  - FlipperKit/FlipperKitLayoutHelpers (0.99.0):
    - FlipperKit/Core
    - FlipperKit/FlipperKitHighlightOverlay
    - FlipperKit/FlipperKitLayoutTextSearchable
  - FlipperKit/FlipperKitLayoutIOSDescriptors (0.99.0):
    - FlipperKit/Core
    - FlipperKit/FlipperKitHighlightOverlay
    - FlipperKit/FlipperKitLayoutHelpers
    - YogaKit (~> 1.18)
  - FlipperKit/FlipperKitLayoutPlugin (0.99.0):
    - FlipperKit/Core
    - FlipperKit/FlipperKitHighlightOverlay
    - FlipperKit/FlipperKitLayoutHelpers
    - FlipperKit/FlipperKitLayoutIOSDescriptors
    - FlipperKit/FlipperKitLayoutTextSearchable
    - YogaKit (~> 1.18)
  - FlipperKit/FlipperKitLayoutTextSearchable (0.99.0)
  - FlipperKit/FlipperKitNetworkPlugin (0.99.0):
    - FlipperKit/Core
  - FlipperKit/FlipperKitReactPlugin (0.99.0):
    - FlipperKit/Core
  - FlipperKit/FlipperKitUserDefaultsPlugin (0.99.0):
    - FlipperKit/Core
  - FlipperKit/SKIOSNetworkPlugin (0.99.0):
    - FlipperKit/Core
    - FlipperKit/FlipperKitNetworkPlugin
  - fmt (6.2.1)
  - glog (0.3.5)
  - GoogleDataTransport (9.2.3):
    - GoogleUtilities/Environment (~> 7.7)
    - nanopb (< 2.30910.0, >= 2.30908.0)
    - PromisesObjC (< 3.0, >= 1.2)
  - GoogleUtilities/AppDelegateSwizzler (7.11.1):
    - GoogleUtilities/Environment
    - GoogleUtilities/Logger
    - GoogleUtilities/Network
  - GoogleUtilities/Environment (7.11.1):
    - PromisesObjC (< 3.0, >= 1.2)
  - GoogleUtilities/Logger (7.11.1):
    - GoogleUtilities/Environment
  - GoogleUtilities/Network (7.11.1):
    - GoogleUtilities/Logger
    - "GoogleUtilities/NSData+zlib"
    - GoogleUtilities/Reachability
  - "GoogleUtilities/NSData+zlib (7.11.1)"
  - GoogleUtilities/Reachability (7.11.1):
    - GoogleUtilities/Logger
  - GoogleUtilities/UserDefaults (7.11.1):
    - GoogleUtilities/Logger
  - libevent (2.1.12)
  - nanopb (2.30908.0):
    - nanopb/decode (= 2.30908.0)
    - nanopb/encode (= 2.30908.0)
  - nanopb/decode (2.30908.0)
  - nanopb/encode (2.30908.0)
  - OpenSSL-Universal (1.1.180)
  - Permission-Camera (3.8.0):
    - RNPermissions
  - Permission-MediaLibrary (3.8.0):
    - RNPermissions
  - Permission-Microphone (3.8.0):
    - RNPermissions
  - Permission-Notifications (3.8.0):
    - RNPermissions
  - Permission-PhotoLibrary (3.8.0):
    - RNPermissions
  - PromisesObjC (2.2.0)
  - RCT-Folly (2021.06.28.00-v2):
    - boost
    - DoubleConversion
    - fmt (~> 6.2.1)
    - glog
    - RCT-Folly/Default (= 2021.06.28.00-v2)
  - RCT-Folly/Default (2021.06.28.00-v2):
    - boost
    - DoubleConversion
    - fmt (~> 6.2.1)
    - glog
  - RCTRequired (0.67.5)
  - RCTTypeSafety (0.67.5):
    - FBLazyVector (= 0.67.5)
    - RCT-Folly (= 2021.06.28.00-v2)
    - RCTRequired (= 0.67.5)
    - React-Core (= 0.67.5)
  - React (0.67.5):
    - React-Core (= 0.67.5)
    - React-Core/DevSupport (= 0.67.5)
    - React-Core/RCTWebSocket (= 0.67.5)
    - React-RCTActionSheet (= 0.67.5)
    - React-RCTAnimation (= 0.67.5)
    - React-RCTBlob (= 0.67.5)
    - React-RCTImage (= 0.67.5)
    - React-RCTLinking (= 0.67.5)
    - React-RCTNetwork (= 0.67.5)
    - React-RCTSettings (= 0.67.5)
    - React-RCTText (= 0.67.5)
    - React-RCTVibration (= 0.67.5)
  - React-callinvoker (0.67.5)
  - React-Core (0.67.5):
    - glog
    - RCT-Folly (= 2021.06.28.00-v2)
    - React-Core/Default (= 0.67.5)
    - React-cxxreact (= 0.67.5)
    - React-jsi (= 0.67.5)
    - React-jsiexecutor (= 0.67.5)
    - React-perflogger (= 0.67.5)
    - Yoga
  - React-Core/CoreModulesHeaders (0.67.5):
    - glog
    - RCT-Folly (= 2021.06.28.00-v2)
    - React-Core/Default
    - React-cxxreact (= 0.67.5)
    - React-jsi (= 0.67.5)
    - React-jsiexecutor (= 0.67.5)
    - React-perflogger (= 0.67.5)
    - Yoga
  - React-Core/Default (0.67.5):
    - glog
    - RCT-Folly (= 2021.06.28.00-v2)
    - React-cxxreact (= 0.67.5)
    - React-jsi (= 0.67.5)
    - React-jsiexecutor (= 0.67.5)
    - React-perflogger (= 0.67.5)
    - Yoga
  - React-Core/DevSupport (0.67.5):
    - glog
    - RCT-Folly (= 2021.06.28.00-v2)
    - React-Core/Default (= 0.67.5)
    - React-Core/RCTWebSocket (= 0.67.5)
    - React-cxxreact (= 0.67.5)
    - React-jsi (= 0.67.5)
    - React-jsiexecutor (= 0.67.5)
    - React-jsinspector (= 0.67.5)
    - React-perflogger (= 0.67.5)
    - Yoga
  - React-Core/RCTActionSheetHeaders (0.67.5):
    - glog
    - RCT-Folly (= 2021.06.28.00-v2)
    - React-Core/Default
    - React-cxxreact (= 0.67.5)
    - React-jsi (= 0.67.5)
    - React-jsiexecutor (= 0.67.5)
    - React-perflogger (= 0.67.5)
    - Yoga
  - React-Core/RCTAnimationHeaders (0.67.5):
    - glog
    - RCT-Folly (= 2021.06.28.00-v2)
    - React-Core/Default
    - React-cxxreact (= 0.67.5)
    - React-jsi (= 0.67.5)
    - React-jsiexecutor (= 0.67.5)
    - React-perflogger (= 0.67.5)
    - Yoga
  - React-Core/RCTBlobHeaders (0.67.5):
    - glog
    - RCT-Folly (= 2021.06.28.00-v2)
    - React-Core/Default
    - React-cxxreact (= 0.67.5)
    - React-jsi (= 0.67.5)
    - React-jsiexecutor (= 0.67.5)
    - React-perflogger (= 0.67.5)
    - Yoga
  - React-Core/RCTImageHeaders (0.67.5):
    - glog
    - RCT-Folly (= 2021.06.28.00-v2)
    - React-Core/Default
    - React-cxxreact (= 0.67.5)
    - React-jsi (= 0.67.5)
    - React-jsiexecutor (= 0.67.5)
    - React-perflogger (= 0.67.5)
    - Yoga
  - React-Core/RCTLinkingHeaders (0.67.5):
    - glog
    - RCT-Folly (= 2021.06.28.00-v2)
    - React-Core/Default
    - React-cxxreact (= 0.67.5)
    - React-jsi (= 0.67.5)
    - React-jsiexecutor (= 0.67.5)
    - React-perflogger (= 0.67.5)
    - Yoga
  - React-Core/RCTNetworkHeaders (0.67.5):
    - glog
    - RCT-Folly (= 2021.06.28.00-v2)
    - React-Core/Default
    - React-cxxreact (= 0.67.5)
    - React-jsi (= 0.67.5)
    - React-jsiexecutor (= 0.67.5)
    - React-perflogger (= 0.67.5)
    - Yoga
  - React-Core/RCTSettingsHeaders (0.67.5):
    - glog
    - RCT-Folly (= 2021.06.28.00-v2)
    - React-Core/Default
    - React-cxxreact (= 0.67.5)
    - React-jsi (= 0.67.5)
    - React-jsiexecutor (= 0.67.5)
    - React-perflogger (= 0.67.5)
    - Yoga
  - React-Core/RCTTextHeaders (0.67.5):
    - glog
    - RCT-Folly (= 2021.06.28.00-v2)
    - React-Core/Default
    - React-cxxreact (= 0.67.5)
    - React-jsi (= 0.67.5)
    - React-jsiexecutor (= 0.67.5)
    - React-perflogger (= 0.67.5)
    - Yoga
  - React-Core/RCTVibrationHeaders (0.67.5):
    - glog
    - RCT-Folly (= 2021.06.28.00-v2)
    - React-Core/Default
    - React-cxxreact (= 0.67.5)
    - React-jsi (= 0.67.5)
    - React-jsiexecutor (= 0.67.5)
    - React-perflogger (= 0.67.5)
    - Yoga
  - React-Core/RCTWebSocket (0.67.5):
    - glog
    - RCT-Folly (= 2021.06.28.00-v2)
    - React-Core/Default (= 0.67.5)
    - React-cxxreact (= 0.67.5)
    - React-jsi (= 0.67.5)
    - React-jsiexecutor (= 0.67.5)
    - React-perflogger (= 0.67.5)
    - Yoga
  - React-CoreModules (0.67.5):
    - FBReactNativeSpec (= 0.67.5)
    - RCT-Folly (= 2021.06.28.00-v2)
    - RCTTypeSafety (= 0.67.5)
    - React-Core/CoreModulesHeaders (= 0.67.5)
    - React-jsi (= 0.67.5)
    - React-RCTImage (= 0.67.5)
    - ReactCommon/turbomodule/core (= 0.67.5)
  - React-cxxreact (0.67.5):
    - boost (= 1.76.0)
    - DoubleConversion
    - glog
    - RCT-Folly (= 2021.06.28.00-v2)
    - React-callinvoker (= 0.67.5)
    - React-jsi (= 0.67.5)
    - React-jsinspector (= 0.67.5)
    - React-logger (= 0.67.5)
    - React-perflogger (= 0.67.5)
    - React-runtimeexecutor (= 0.67.5)
  - React-jsi (0.67.5):
    - boost (= 1.76.0)
    - DoubleConversion
    - glog
    - RCT-Folly (= 2021.06.28.00-v2)
    - React-jsi/Default (= 0.67.5)
  - React-jsi/Default (0.67.5):
    - boost (= 1.76.0)
    - DoubleConversion
    - glog
    - RCT-Folly (= 2021.06.28.00-v2)
  - React-jsiexecutor (0.67.5):
    - DoubleConversion
    - glog
    - RCT-Folly (= 2021.06.28.00-v2)
    - React-cxxreact (= 0.67.5)
    - React-jsi (= 0.67.5)
    - React-perflogger (= 0.67.5)
  - React-jsinspector (0.67.5)
  - React-logger (0.67.5):
    - glog
  - react-native-document-picker (8.2.1):
    - React-Core
  - react-native-safe-area-context (3.4.1):
    - React-Core
  - react-native-video (5.2.1):
    - React-Core
    - react-native-video/Video (= 5.2.1)
  - react-native-video/Video (5.2.1):
    - React-Core
  - React-perflogger (0.67.5)
  - React-RCTActionSheet (0.67.5):
    - React-Core/RCTActionSheetHeaders (= 0.67.5)
  - React-RCTAnimation (0.67.5):
    - FBReactNativeSpec (= 0.67.5)
    - RCT-Folly (= 2021.06.28.00-v2)
    - RCTTypeSafety (= 0.67.5)
    - React-Core/RCTAnimationHeaders (= 0.67.5)
    - React-jsi (= 0.67.5)
    - ReactCommon/turbomodule/core (= 0.67.5)
  - React-RCTBlob (0.67.5):
    - FBReactNativeSpec (= 0.67.5)
    - RCT-Folly (= 2021.06.28.00-v2)
    - React-Core/RCTBlobHeaders (= 0.67.5)
    - React-Core/RCTWebSocket (= 0.67.5)
    - React-jsi (= 0.67.5)
    - React-RCTNetwork (= 0.67.5)
    - ReactCommon/turbomodule/core (= 0.67.5)
  - React-RCTImage (0.67.5):
    - FBReactNativeSpec (= 0.67.5)
    - RCT-Folly (= 2021.06.28.00-v2)
    - RCTTypeSafety (= 0.67.5)
    - React-Core/RCTImageHeaders (= 0.67.5)
    - React-jsi (= 0.67.5)
    - React-RCTNetwork (= 0.67.5)
    - ReactCommon/turbomodule/core (= 0.67.5)
  - React-RCTLinking (0.67.5):
    - FBReactNativeSpec (= 0.67.5)
    - React-Core/RCTLinkingHeaders (= 0.67.5)
    - React-jsi (= 0.67.5)
    - ReactCommon/turbomodule/core (= 0.67.5)
  - React-RCTNetwork (0.67.5):
    - FBReactNativeSpec (= 0.67.5)
    - RCT-Folly (= 2021.06.28.00-v2)
    - RCTTypeSafety (= 0.67.5)
    - React-Core/RCTNetworkHeaders (= 0.67.5)
    - React-jsi (= 0.67.5)
    - ReactCommon/turbomodule/core (= 0.67.5)
  - React-RCTSettings (0.67.5):
    - FBReactNativeSpec (= 0.67.5)
    - RCT-Folly (= 2021.06.28.00-v2)
    - RCTTypeSafety (= 0.67.5)
    - React-Core/RCTSettingsHeaders (= 0.67.5)
    - React-jsi (= 0.67.5)
    - ReactCommon/turbomodule/core (= 0.67.5)
  - React-RCTText (0.67.5):
    - React-Core/RCTTextHeaders (= 0.67.5)
  - React-RCTVibration (0.67.5):
    - FBReactNativeSpec (= 0.67.5)
    - RCT-Folly (= 2021.06.28.00-v2)
    - React-Core/RCTVibrationHeaders (= 0.67.5)
    - React-jsi (= 0.67.5)
    - ReactCommon/turbomodule/core (= 0.67.5)
  - React-runtimeexecutor (0.67.5):
    - React-jsi (= 0.67.5)
  - ReactCommon/turbomodule/core (0.67.5):
    - DoubleConversion
    - glog
    - RCT-Folly (= 2021.06.28.00-v2)
    - React-callinvoker (= 0.67.5)
    - React-Core (= 0.67.5)
    - React-cxxreact (= 0.67.5)
    - React-jsi (= 0.67.5)
    - React-logger (= 0.67.5)
    - React-perflogger (= 0.67.5)
  - RNCAsyncStorage (1.18.1):
    - React-Core
  - RNFBApp (14.12.0):
    - Firebase/CoreOnly (= 8.15.0)
    - React-Core
  - RNFBMessaging (14.12.0):
    - Firebase/Messaging (= 8.15.0)
    - React-Core
    - RNFBApp
  - RNGestureHandler (2.10.1):
    - React-Core
  - RNNotifee (4.1.0):
    - React-Core
    - RNNotifee/NotifeeCore (= 4.1.0)
  - RNNotifee/NotifeeCore (4.1.0):
    - React-Core
  - RNPermissions (3.8.0):
    - React-Core
  - RNScreens (3.14.1):
    - React-Core
    - React-RCTImage
  - RNSVG (12.5.1):
    - React-Core
  - RNVectorIcons (9.2.0):
    - React-Core
  - Yoga (1.14.0)
  - YogaKit (1.18.1):
    - Yoga (~> 1.14)

DEPENDENCIES:
  - boost (from `../node_modules/react-native/third-party-podspecs/boost.podspec`)
  - DoubleConversion (from `../node_modules/react-native/third-party-podspecs/DoubleConversion.podspec`)
  - FBLazyVector (from `../node_modules/react-native/Libraries/FBLazyVector`)
  - FBReactNativeSpec (from `../node_modules/react-native/React/FBReactNativeSpec`)
  - Firebase/Messaging
  - Flipper (= 0.99.0)
  - Flipper-Boost-iOSX (= 1.76.0.1.11)
  - Flipper-DoubleConversion (= 3.1.7)
  - Flipper-Fmt (= 7.1.7)
  - Flipper-Folly (= 2.6.7)
  - Flipper-Glog (= 0.3.6)
  - Flipper-PeerTalk (= 0.0.4)
  - Flipper-RSocket (= 1.4.3)
  - FlipperKit (= 0.99.0)
  - FlipperKit/Core (= 0.99.0)
  - FlipperKit/CppBridge (= 0.99.0)
  - FlipperKit/FBCxxFollyDynamicConvert (= 0.99.0)
  - FlipperKit/FBDefines (= 0.99.0)
  - FlipperKit/FKPortForwarding (= 0.99.0)
  - FlipperKit/FlipperKitHighlightOverlay (= 0.99.0)
  - FlipperKit/FlipperKitLayoutPlugin (= 0.99.0)
  - FlipperKit/FlipperKitLayoutTextSearchable (= 0.99.0)
  - FlipperKit/FlipperKitNetworkPlugin (= 0.99.0)
  - FlipperKit/FlipperKitReactPlugin (= 0.99.0)
  - FlipperKit/FlipperKitUserDefaultsPlugin (= 0.99.0)
  - FlipperKit/SKIOSNetworkPlugin (= 0.99.0)
  - glog (from `../node_modules/react-native/third-party-podspecs/glog.podspec`)
  - OpenSSL-Universal (= 1.1.180)
  - Permission-Camera (from `../node_modules/react-native-permissions/ios/Camera`)
  - Permission-MediaLibrary (from `../node_modules/react-native-permissions/ios/MediaLibrary`)
  - Permission-Microphone (from `../node_modules/react-native-permissions/ios/Microphone`)
  - Permission-Notifications (from `../node_modules/react-native-permissions/ios/Notifications`)
  - Permission-PhotoLibrary (from `../node_modules/react-native-permissions/ios/PhotoLibrary`)
  - RCT-Folly (from `../node_modules/react-native/third-party-podspecs/RCT-Folly.podspec`)
  - RCTRequired (from `../node_modules/react-native/Libraries/RCTRequired`)
  - RCTTypeSafety (from `../node_modules/react-native/Libraries/TypeSafety`)
  - React (from `../node_modules/react-native/`)
  - React-callinvoker (from `../node_modules/react-native/ReactCommon/callinvoker`)
  - React-Core (from `../node_modules/react-native/`)
  - React-Core/DevSupport (from `../node_modules/react-native/`)
  - React-Core/RCTWebSocket (from `../node_modules/react-native/`)
  - React-CoreModules (from `../node_modules/react-native/React/CoreModules`)
  - React-cxxreact (from `../node_modules/react-native/ReactCommon/cxxreact`)
  - React-jsi (from `../node_modules/react-native/ReactCommon/jsi`)
  - React-jsiexecutor (from `../node_modules/react-native/ReactCommon/jsiexecutor`)
  - React-jsinspector (from `../node_modules/react-native/ReactCommon/jsinspector`)
  - React-logger (from `../node_modules/react-native/ReactCommon/logger`)
  - react-native-document-picker (from `../node_modules/react-native-document-picker`)
  - react-native-safe-area-context (from `../node_modules/react-native-safe-area-context`)
  - react-native-video (from `../node_modules/react-native-video`)
  - React-perflogger (from `../node_modules/react-native/ReactCommon/reactperflogger`)
  - React-RCTActionSheet (from `../node_modules/react-native/Libraries/ActionSheetIOS`)
  - React-RCTAnimation (from `../node_modules/react-native/Libraries/NativeAnimation`)
  - React-RCTBlob (from `../node_modules/react-native/Libraries/Blob`)
  - React-RCTImage (from `../node_modules/react-native/Libraries/Image`)
  - React-RCTLinking (from `../node_modules/react-native/Libraries/LinkingIOS`)
  - React-RCTNetwork (from `../node_modules/react-native/Libraries/Network`)
  - React-RCTSettings (from `../node_modules/react-native/Libraries/Settings`)
  - React-RCTText (from `../node_modules/react-native/Libraries/Text`)
  - React-RCTVibration (from `../node_modules/react-native/Libraries/Vibration`)
  - React-runtimeexecutor (from `../node_modules/react-native/ReactCommon/runtimeexecutor`)
  - ReactCommon/turbomodule/core (from `../node_modules/react-native/ReactCommon`)
  - "RNCAsyncStorage (from `../node_modules/@react-native-async-storage/async-storage`)"
  - "RNFBApp (from `../node_modules/@react-native-firebase/app`)"
  - "RNFBMessaging (from `../node_modules/@react-native-firebase/messaging`)"
  - RNGestureHandler (from `../node_modules/react-native-gesture-handler`)
  - "RNNotifee (from `../node_modules/@notifee/react-native`)"
  - RNPermissions (from `../node_modules/react-native-permissions`)
  - RNScreens (from `../node_modules/react-native-screens`)
  - RNSVG (from `../node_modules/react-native-svg`)
  - RNVectorIcons (from `../node_modules/react-native-vector-icons`)
  - Yoga (from `../node_modules/react-native/ReactCommon/yoga`)

SPEC REPOS:
  trunk:
    - CocoaAsyncSocket
    - Firebase
    - FirebaseCore
    - FirebaseCoreDiagnostics
    - FirebaseInstallations
    - FirebaseMessaging
    - Flipper
    - Flipper-Boost-iOSX
    - Flipper-DoubleConversion
    - Flipper-Fmt
    - Flipper-Folly
    - Flipper-Glog
    - Flipper-PeerTalk
    - Flipper-RSocket
    - FlipperKit
    - fmt
    - GoogleDataTransport
    - GoogleUtilities
    - libevent
    - nanopb
    - OpenSSL-Universal
    - PromisesObjC
    - YogaKit

EXTERNAL SOURCES:
  boost:
    :podspec: "../node_modules/react-native/third-party-podspecs/boost.podspec"
  DoubleConversion:
    :podspec: "../node_modules/react-native/third-party-podspecs/DoubleConversion.podspec"
  FBLazyVector:
    :path: "../node_modules/react-native/Libraries/FBLazyVector"
  FBReactNativeSpec:
    :path: "../node_modules/react-native/React/FBReactNativeSpec"
  glog:
    :podspec: "../node_modules/react-native/third-party-podspecs/glog.podspec"
  Permission-Camera:
    :path: "../node_modules/react-native-permissions/ios/Camera"
  Permission-MediaLibrary:
    :path: "../node_modules/react-native-permissions/ios/MediaLibrary"
  Permission-Microphone:
    :path: "../node_modules/react-native-permissions/ios/Microphone"
  Permission-Notifications:
    :path: "../node_modules/react-native-permissions/ios/Notifications"
  Permission-PhotoLibrary:
    :path: "../node_modules/react-native-permissions/ios/PhotoLibrary"
  RCT-Folly:
    :podspec: "../node_modules/react-native/third-party-podspecs/RCT-Folly.podspec"
  RCTRequired:
    :path: "../node_modules/react-native/Libraries/RCTRequired"
  RCTTypeSafety:
    :path: "../node_modules/react-native/Libraries/TypeSafety"
  React:
    :path: "../node_modules/react-native/"
  React-callinvoker:
    :path: "../node_modules/react-native/ReactCommon/callinvoker"
  React-Core:
    :path: "../node_modules/react-native/"
  React-CoreModules:
    :path: "../node_modules/react-native/React/CoreModules"
  React-cxxreact:
    :path: "../node_modules/react-native/ReactCommon/cxxreact"
  React-jsi:
    :path: "../node_modules/react-native/ReactCommon/jsi"
  React-jsiexecutor:
    :path: "../node_modules/react-native/ReactCommon/jsiexecutor"
  React-jsinspector:
    :path: "../node_modules/react-native/ReactCommon/jsinspector"
  React-logger:
    :path: "../node_modules/react-native/ReactCommon/logger"
  react-native-document-picker:
    :path: "../node_modules/react-native-document-picker"
  react-native-safe-area-context:
    :path: "../node_modules/react-native-safe-area-context"
  react-native-video:
    :path: "../node_modules/react-native-video"
  React-perflogger:
    :path: "../node_modules/react-native/ReactCommon/reactperflogger"
  React-RCTActionSheet:
    :path: "../node_modules/react-native/Libraries/ActionSheetIOS"
  React-RCTAnimation:
    :path: "../node_modules/react-native/Libraries/NativeAnimation"
  React-RCTBlob:
    :path: "../node_modules/react-native/Libraries/Blob"
  React-RCTImage:
    :path: "../node_modules/react-native/Libraries/Image"
  React-RCTLinking:
    :path: "../node_modules/react-native/Libraries/LinkingIOS"
  React-RCTNetwork:
    :path: "../node_modules/react-native/Libraries/Network"
  React-RCTSettings:
    :path: "../node_modules/react-native/Libraries/Settings"
  React-RCTText:
    :path: "../node_modules/react-native/Libraries/Text"
  React-RCTVibration:
    :path: "../node_modules/react-native/Libraries/Vibration"
  React-runtimeexecutor:
    :path: "../node_modules/react-native/ReactCommon/runtimeexecutor"
  ReactCommon:
    :path: "../node_modules/react-native/ReactCommon"
  RNCAsyncStorage:
    :path: "../node_modules/@react-native-async-storage/async-storage"
  RNFBApp:
    :path: "../node_modules/@react-native-firebase/app"
  RNFBMessaging:
    :path: "../node_modules/@react-native-firebase/messaging"
  RNGestureHandler:
    :path: "../node_modules/react-native-gesture-handler"
  RNNotifee:
    :path: "../node_modules/@notifee/react-native"
  RNPermissions:
    :path: "../node_modules/react-native-permissions"
  RNScreens:
    :path: "../node_modules/react-native-screens"
  RNSVG:
    :path: "../node_modules/react-native-svg"
  RNVectorIcons:
    :path: "../node_modules/react-native-vector-icons"
  Yoga:
    :path: "../node_modules/react-native/ReactCommon/yoga"

SPEC CHECKSUMS:
  boost: a7c83b31436843459a1961bfd74b96033dc77234
  CocoaAsyncSocket: 065fd1e645c7abab64f7a6a2007a48038fdc6a99
  DoubleConversion: 831926d9b8bf8166fd87886c4abab286c2422662
  FBLazyVector: d2db9d00883282819d03bbd401b2ad4360d47580
  FBReactNativeSpec: 94da4d84ba3b1acf459103320882daa481a2b62d
  Firebase: 5f8193dff4b5b7c5d5ef72ae54bb76c08e2b841d
  FirebaseCore: 5743c5785c074a794d35f2fff7ecc254a91e08b1
  FirebaseCoreDiagnostics: 92e07a649aeb66352b319d43bdd2ee3942af84cb
  FirebaseInstallations: 40bd9054049b2eae9a2c38ef1c3dd213df3605cd
  FirebaseMessaging: 5e5118a2383b3531e730d974680954c679ca0a13
  Flipper: 30e8eeeed6abdc98edaf32af0cda2f198be4b733
  Flipper-Boost-iOSX: fd1e2b8cbef7e662a122412d7ac5f5bea715403c
  Flipper-DoubleConversion: 57ffbe81ef95306cc9e69c4aa3aeeeeb58a6a28c
  Flipper-Fmt: 60cbdd92fc254826e61d669a5d87ef7015396a9b
  Flipper-Folly: 83af37379faa69497529e414bd43fbfc7cae259a
  Flipper-Glog: 1dfd6abf1e922806c52ceb8701a3599a79a200a6
  Flipper-PeerTalk: 116d8f857dc6ef55c7a5a75ea3ceaafe878aadc9
  Flipper-RSocket: d9d9ade67cbecf6ac10730304bf5607266dd2541
  FlipperKit: d8d346844eca5d9120c17d441a2f38596e8ed2b9
  fmt: ff9d55029c625d3757ed641535fd4a75fedc7ce9
  glog: 85ecdd10ee8d8ec362ef519a6a45ff9aa27b2e85
  GoogleDataTransport: f0308f5905a745f94fb91fea9c6cbaf3831cb1bd
  GoogleUtilities: 9aa0ad5a7bc171f8bae016300bfcfa3fb8425749
  libevent: 4049cae6c81cdb3654a443be001fb9bdceff7913
  nanopb: a0ba3315591a9ae0a16a309ee504766e90db0c96
  OpenSSL-Universal: 1aa4f6a6ee7256b83db99ec1ccdaa80d10f9af9b
  Permission-Camera: e6d142d7d8b714afe0a83e5e6ae17eb949f1e3e9
  Permission-MediaLibrary: 6a5888dd77669b568716bea80c21340aaab74c51
  Permission-Microphone: 644b1de8bcc2afcaf934e09a22bee507a95796a7
  Permission-Notifications: aa91ec29236626ff59cb60e08389c0a59a9d32c5
  Permission-PhotoLibrary: 31787bbe77d0d3ae6a5267b8435e4a2e9ef78f1d
  PromisesObjC: 09985d6d70fbe7878040aa746d78236e6946d2ef
  RCT-Folly: 803a9cfd78114b2ec0f140cfa6fa2a6bafb2d685
  RCTRequired: 412e994c1e570cf35378a32c18fd46e50634938b
  RCTTypeSafety: ef27340c728e6d673af345ed69e479a010c8a2d8
  React: 36b9f5116572e5b80f01e562bb1f1451e8848e47
  React-callinvoker: 91e62870884d3db3a0db33bbb1ba4e53fa5210ca
  React-Core: 765ccc3861be1b93c7d5ca37f6b06e2efd6e7999
  React-CoreModules: da2ddff50a92576b6d58fbfc80a62ba3f81d8a4e
  React-cxxreact: b54cffd4feb550c3213cd38db4a2a4bdd896f715
  React-jsi: 103674913e4159a07df20ef214c6b563e90e7b2e
  React-jsiexecutor: e9895ccae253323ca70f693945fecbba091f0abd
  React-jsinspector: ec4fe4f65ccf9d67c8429dda955d3412db8a25ef
  React-logger: 85f4ef06b9723714b2dfa5b0e5502b673b271b58
  react-native-document-picker: 69ca2094d8780cfc1e7e613894d15290fdc54bba
  react-native-safe-area-context: 9e40fb181dac02619414ba1294d6c2a807056ab9
  react-native-video: c26780b224543c62d5e1b2a7244a5cd1b50e8253
  React-perflogger: d32ee13196f4ae2e4098fb7f8e7ed4f864c6fb0f
  React-RCTActionSheet: 81779c09e34a6a3d6b15783407ba9016a774f535
  React-RCTAnimation: b778eaaa42a884abcc5719035a7a0b2f54672658
  React-RCTBlob: 8edfc04c117decb0e7d4e6ab32bec91707e63ecb
  React-RCTImage: 2022097f1291bfebd0003e477318c72b07853578
  React-RCTLinking: bd8d889c65695181342541ce4420e9419845084c
  React-RCTNetwork: eae64b805d967bf3ece2cec3ad09218eeb32cb74
  React-RCTSettings: 0645af8aec5f40726e98d434a07ff58e75a81aa9
  React-RCTText: e55de507cda263ff58404c3e7d75bf76c2b80813
  React-RCTVibration: c3b8a3245267a3849b0c7cb91a37606bf5f3aa65
  React-runtimeexecutor: 434efc9e5b6d0f14f49867f130b39376c971c1aa
  ReactCommon: a30c2448e5a88bae6fcb0e3da124c14ae493dac1
  RNCAsyncStorage: b90b71f45b8b97be43bc4284e71a6af48ac9f547
  RNFBApp: e4439717c23252458da2b41b81b4b475c86f90c4
  RNFBMessaging: 40dac204b4197a2661dec5be964780c6ec39bf65
  RNGestureHandler: 42ec7c28dd02d540ed6c9159c57a98ff016492dc
  RNNotifee: f1ba270897bd7491f889a1a257d0c038a43376f7
  RNPermissions: 215c54462104b3925b412b0fb3c9c497b21c358b
  RNScreens: aa9a97835afbbdc18a4757870b2b59b7d9fae16a
  RNSVG: d7d7bc8229af3842c9cfc3a723c815a52cdd1105
  RNVectorIcons: fcc2f6cb32f5735b586e66d14103a74ce6ad61f8
  Yoga: 099a946cbf84c9b32ffdc4278d72db26710ecf92
  YogaKit: f782866e155069a2cca2517aafea43200b01fd5a

PODFILE CHECKSUM: aecc04b717a9631b3a88470f94affeec125f4529

COCOAPODS: 1.12.1
